// !$*UTF8*$!
{
	archiveVersion = 1;
	classes = {
	};
	objectVersion = 50;
	objects = {

/* Begin PBXBuildFile section */
		9B9181DA20B18FE80081452D /* AppDelegate.swift in Sources */ = {isa = PBXBuildFile; fileRef = 9B9181D920B18FE80081452D /* AppDelegate.swift */; };
		9B9181E120B18FEB0081452D /* Assets.xcassets in Resources */ = {isa = PBXBuildFile; fileRef = 9B9181E020B18FEB0081452D /* Assets.xcassets */; };
		9B9181E420B18FEB0081452D /* LaunchScreen.storyboard in Resources */ = {isa = PBXBuildFile; fileRef = 9B9181E220B18FEB0081452D /* LaunchScreen.storyboard */; };
		9B9181EF20B18FEB0081452D /* CleanAppTests.swift in Sources */ = {isa = PBXBuildFile; fileRef = 9B9181EE20B18FEB0081452D /* CleanAppTests.swift */; };
		9B9181FA20B18FEB0081452D /* CleanAppUITests.swift in Sources */ = {isa = PBXBuildFile; fileRef = 9B9181F920B18FEB0081452D /* CleanAppUITests.swift */; };
		9B91820820B1900D0081452D /* CleanSwift.swift in Sources */ = {isa = PBXBuildFile; fileRef = 9B91820720B1900D0081452D /* CleanSwift.swift */; };
/* End PBXBuildFile section */

/* Begin PBXContainerItemProxy section */
		9B9181EB20B18FEB0081452D /* PBXContainerItemProxy */ = {
			isa = PBXContainerItemProxy;
			containerPortal = 9B9181CE20B18FE80081452D /* Project object */;
			proxyType = 1;
			remoteGlobalIDString = 9B9181D520B18FE80081452D;
			remoteInfo = CleanApp;
		};
		9B9181F620B18FEB0081452D /* PBXContainerItemProxy */ = {
			isa = PBXContainerItemProxy;
			containerPortal = 9B9181CE20B18FE80081452D /* Project object */;
			proxyType = 1;
			remoteGlobalIDString = 9B9181D520B18FE80081452D;
			remoteInfo = CleanApp;
		};
/* End PBXContainerItemProxy section */

/* Begin PBXFileReference section */
		9B9181D620B18FE80081452D /* CleanApp.app */ = {isa = PBXFileReference; explicitFileType = wrapper.application; includeInIndex = 0; path = CleanApp.app; sourceTree = BUILT_PRODUCTS_DIR; };
		9B9181D920B18FE80081452D /* AppDelegate.swift */ = {isa = PBXFileReference; lastKnownFileType = sourcecode.swift; path = AppDelegate.swift; sourceTree = "<group>"; };
		9B9181E020B18FEB0081452D /* Assets.xcassets */ = {isa = PBXFileReference; lastKnownFileType = folder.assetcatalog; path = Assets.xcassets; sourceTree = "<group>"; };
		9B9181E320B18FEB0081452D /* Base */ = {isa = PBXFileReference; lastKnownFileType = file.storyboard; name = Base; path = Base.lproj/LaunchScreen.storyboard; sourceTree = "<group>"; };
		9B9181E520B18FEB0081452D /* Info.plist */ = {isa = PBXFileReference; lastKnownFileType = text.plist.xml; path = Info.plist; sourceTree = "<group>"; };
		9B9181EA20B18FEB0081452D /* CleanAppTests.xctest */ = {isa = PBXFileReference; explicitFileType = wrapper.cfbundle; includeInIndex = 0; path = CleanAppTests.xctest; sourceTree = BUILT_PRODUCTS_DIR; };
		9B9181EE20B18FEB0081452D /* CleanAppTests.swift */ = {isa = PBXFileReference; lastKnownFileType = sourcecode.swift; path = CleanAppTests.swift; sourceTree = "<group>"; };
		9B9181F020B18FEB0081452D /* Info.plist */ = {isa = PBXFileReference; lastKnownFileType = text.plist.xml; path = Info.plist; sourceTree = "<group>"; };
		9B9181F520B18FEB0081452D /* CleanAppUITests.xctest */ = {isa = PBXFileReference; explicitFileType = wrapper.cfbundle; includeInIndex = 0; path = CleanAppUITests.xctest; sourceTree = BUILT_PRODUCTS_DIR; };
		9B9181F920B18FEB0081452D /* CleanAppUITests.swift */ = {isa = PBXFileReference; lastKnownFileType = sourcecode.swift; path = CleanAppUITests.swift; sourceTree = "<group>"; };
		9B9181FB20B18FEB0081452D /* Info.plist */ = {isa = PBXFileReference; lastKnownFileType = text.plist.xml; path = Info.plist; sourceTree = "<group>"; };
		9B91820720B1900D0081452D /* CleanSwift.swift */ = {isa = PBXFileReference; lastKnownFileType = sourcecode.swift; path = CleanSwift.swift; sourceTree = "<group>"; };
/* End PBXFileReference section */

/* Begin PBXFrameworksBuildPhase section */
		9B9181D320B18FE80081452D /* Frameworks */ = {
			isa = PBXFrameworksBuildPhase;
			buildActionMask = 2147483647;
			files = (
			);
			runOnlyForDeploymentPostprocessing = 0;
		};
		9B9181E720B18FEB0081452D /* Frameworks */ = {
			isa = PBXFrameworksBuildPhase;
			buildActionMask = 2147483647;
			files = (
			);
			runOnlyForDeploymentPostprocessing = 0;
		};
		9B9181F220B18FEB0081452D /* Frameworks */ = {
			isa = PBXFrameworksBuildPhase;
			buildActionMask = 2147483647;
			files = (
			);
			runOnlyForDeploymentPostprocessing = 0;
		};
/* End PBXFrameworksBuildPhase section */

/* Begin PBXGroup section */
		9B9181CD20B18FE80081452D = {
			isa = PBXGroup;
			children = (
				9B9181D820B18FE80081452D /* CleanApp */,
				9B9181ED20B18FEB0081452D /* CleanAppTests */,
				9B9181F820B18FEB0081452D /* CleanAppUITests */,
				9B9181D720B18FE80081452D /* Products */,
			);
			sourceTree = "<group>";
		};
		9B9181D720B18FE80081452D /* Products */ = {
			isa = PBXGroup;
			children = (
				9B9181D620B18FE80081452D /* CleanApp.app */,
				9B9181EA20B18FEB0081452D /* CleanAppTests.xctest */,
				9B9181F520B18FEB0081452D /* CleanAppUITests.xctest */,
			);
			name = Products;
			sourceTree = "<group>";
		};
		9B9181D820B18FE80081452D /* CleanApp */ = {
			isa = PBXGroup;
			children = (
				9B9181D920B18FE80081452D /* AppDelegate.swift */,
				9B9181E020B18FEB0081452D /* Assets.xcassets */,
				9B9181E220B18FEB0081452D /* LaunchScreen.storyboard */,
				9B9181E520B18FEB0081452D /* Info.plist */,
				9B91820720B1900D0081452D /* CleanSwift.swift */,
			);
			path = CleanApp;
			sourceTree = "<group>";
		};
		9B9181ED20B18FEB0081452D /* CleanAppTests */ = {
			isa = PBXGroup;
			children = (
				9B9181EE20B18FEB0081452D /* CleanAppTests.swift */,
				9B9181F020B18FEB0081452D /* Info.plist */,
			);
			path = CleanAppTests;
			sourceTree = "<group>";
		};
		9B9181F820B18FEB0081452D /* CleanAppUITests */ = {
			isa = PBXGroup;
			children = (
				9B9181F920B18FEB0081452D /* CleanAppUITests.swift */,
				9B9181FB20B18FEB0081452D /* Info.plist */,
			);
			path = CleanAppUITests;
			sourceTree = "<group>";
		};
/* End PBXGroup section */

/* Begin PBXNativeTarget section */
		9B9181D520B18FE80081452D /* CleanApp */ = {
			isa = PBXNativeTarget;
			buildConfigurationList = 9B9181FE20B18FEB0081452D /* Build configuration list for PBXNativeTarget "CleanApp" */;
			buildPhases = (
				9B9181D220B18FE80081452D /* Sources */,
				9B9181D320B18FE80081452D /* Frameworks */,
				9B9181D420B18FE80081452D /* Resources */,
			);
			buildRules = (
			);
			dependencies = (
			);
			name = CleanApp;
			productName = CleanApp;
			productReference = 9B9181D620B18FE80081452D /* CleanApp.app */;
			productType = "com.apple.product-type.application";
		};
		9B9181E920B18FEB0081452D /* CleanAppTests */ = {
			isa = PBXNativeTarget;
			buildConfigurationList = 9B91820120B18FEB0081452D /* Build configuration list for PBXNativeTarget "CleanAppTests" */;
			buildPhases = (
				9B9181E620B18FEB0081452D /* Sources */,
				9B9181E720B18FEB0081452D /* Frameworks */,
				9B9181E820B18FEB0081452D /* Resources */,
			);
			buildRules = (
			);
			dependencies = (
				9B9181EC20B18FEB0081452D /* PBXTargetDependency */,
			);
			name = CleanAppTests;
			productName = CleanAppTests;
			productReference = 9B9181EA20B18FEB0081452D /* CleanAppTests.xctest */;
			productType = "com.apple.product-type.bundle.unit-test";
		};
		9B9181F420B18FEB0081452D /* CleanAppUITests */ = {
			isa = PBXNativeTarget;
			buildConfigurationList = 9B91820420B18FEB0081452D /* Build configuration list for PBXNativeTarget "CleanAppUITests" */;
			buildPhases = (
				9B9181F120B18FEB0081452D /* Sources */,
				9B9181F220B18FEB0081452D /* Frameworks */,
				9B9181F320B18FEB0081452D /* Resources */,
			);
			buildRules = (
			);
			dependencies = (
				9B9181F720B18FEB0081452D /* PBXTargetDependency */,
			);
			name = CleanAppUITests;
			productName = CleanAppUITests;
			productReference = 9B9181F520B18FEB0081452D /* CleanAppUITests.xctest */;
			productType = "com.apple.product-type.bundle.ui-testing";
		};
/* End PBXNativeTarget section */

/* Begin PBXProject section */
		9B9181CE20B18FE80081452D /* Project object */ = {
			isa = PBXProject;
			attributes = {
				LastSwiftUpdateCheck = 0930;
				LastUpgradeCheck = 0930;
				ORGANIZATIONNAME = "Karsten Bruns";
				TargetAttributes = {
					9B9181D520B18FE80081452D = {
						CreatedOnToolsVersion = 9.3;
					};
					9B9181E920B18FEB0081452D = {
						CreatedOnToolsVersion = 9.3;
						TestTargetID = 9B9181D520B18FE80081452D;
					};
					9B9181F420B18FEB0081452D = {
						CreatedOnToolsVersion = 9.3;
						TestTargetID = 9B9181D520B18FE80081452D;
					};
				};
			};
			buildConfigurationList = 9B9181D120B18FE80081452D /* Build configuration list for PBXProject "CleanApp" */;
			compatibilityVersion = "Xcode 9.3";
			developmentRegion = en;
			hasScannedForEncodings = 0;
			knownRegions = (
				en,
				Base,
			);
			mainGroup = 9B9181CD20B18FE80081452D;
			productRefGroup = 9B9181D720B18FE80081452D /* Products */;
			projectDirPath = "";
			projectRoot = "";
			targets = (
				9B9181D520B18FE80081452D /* CleanApp */,
				9B9181E920B18FEB0081452D /* CleanAppTests */,
				9B9181F420B18FEB0081452D /* CleanAppUITests */,
			);
		};
/* End PBXProject section */

/* Begin PBXResourcesBuildPhase section */
		9B9181D420B18FE80081452D /* Resources */ = {
			isa = PBXResourcesBuildPhase;
			buildActionMask = 2147483647;
			files = (
				9B9181E420B18FEB0081452D /* LaunchScreen.storyboard in Resources */,
				9B9181E120B18FEB0081452D /* Assets.xcassets in Resources */,
			);
			runOnlyForDeploymentPostprocessing = 0;
		};
		9B9181E820B18FEB0081452D /* Resources */ = {
			isa = PBXResourcesBuildPhase;
			buildActionMask = 2147483647;
			files = (
			);
			runOnlyForDeploymentPostprocessing = 0;
		};
		9B9181F320B18FEB0081452D /* Resources */ = {
			isa = PBXResourcesBuildPhase;
			buildActionMask = 2147483647;
			files = (
			);
			runOnlyForDeploymentPostprocessing = 0;
		};
/* End PBXResourcesBuildPhase section */

/* Begin PBXSourcesBuildPhase section */
		9B9181D220B18FE80081452D /* Sources */ = {
			isa = PBXSourcesBuildPhase;
			buildActionMask = 2147483647;
			files = (
				9B91820820B1900D0081452D /* CleanSwift.swift in Sources */,
				9B9181DA20B18FE80081452D /* AppDelegate.swift in Sources */,
			);
			runOnlyForDeploymentPostprocessing = 0;
		};
		9B9181E620B18FEB0081452D /* Sources */ = {
			isa = PBXSourcesBuildPhase;
			buildActionMask = 2147483647;
			files = (
				9B9181EF20B18FEB0081452D /* CleanAppTests.swift in Sources */,
			);
			runOnlyForDeploymentPostprocessing = 0;
		};
		9B9181F120B18FEB0081452D /* Sources */ = {
			isa = PBXSourcesBuildPhase;
			buildActionMask = 2147483647;
			files = (
				9B9181FA20B18FEB0081452D /* CleanAppUITests.swift in Sources */,
			);
			runOnlyForDeploymentPostprocessing = 0;
		};
/* End PBXSourcesBuildPhase section */

/* Begin PBXTargetDependency section */
		9B9181EC20B18FEB0081452D /* PBXTargetDependency */ = {
			isa = PBXTargetDependency;
			target = 9B9181D520B18FE80081452D /* CleanApp */;
			targetProxy = 9B9181EB20B18FEB0081452D /* PBXContainerItemProxy */;
		};
		9B9181F720B18FEB0081452D /* PBXTargetDependency */ = {
			isa = PBXTargetDependency;
			target = 9B9181D520B18FE80081452D /* CleanApp */;
			targetProxy = 9B9181F620B18FEB0081452D /* PBXContainerItemProxy */;
		};
/* End PBXTargetDependency section */

/* Begin PBXVariantGroup section */
		9B9181E220B18FEB0081452D /* LaunchScreen.storyboard */ = {
			isa = PBXVariantGroup;
			children = (
				9B9181E320B18FEB0081452D /* Base */,
			);
			name = LaunchScreen.storyboard;
			sourceTree = "<group>";
		};
/* End PBXVariantGroup section */

/* Begin XCBuildConfiguration section */
		9B9181FC20B18FEB0081452D /* Debug */ = {
			isa = XCBuildConfiguration;
			buildSettings = {
				ALWAYS_SEARCH_USER_PATHS = NO;
				CLANG_ANALYZER_NONNULL = YES;
				CLANG_ANALYZER_NUMBER_OBJECT_CONVERSION = YES_AGGRESSIVE;
				CLANG_CXX_LANGUAGE_STANDARD = "gnu++14";
				CLANG_CXX_LIBRARY = "libc++";
				CLANG_ENABLE_MODULES = YES;
				CLANG_ENABLE_OBJC_ARC = YES;
				CLANG_ENABLE_OBJC_WEAK = YES;
				CLANG_WARN_BLOCK_CAPTURE_AUTORELEASING = YES;
				CLANG_WARN_BOOL_CONVERSION = YES;
				CLANG_WARN_COMMA = YES;
				CLANG_WARN_CONSTANT_CONVERSION = YES;
				CLANG_WARN_DEPRECATED_OBJC_IMPLEMENTATIONS = YES;
				CLANG_WARN_DIRECT_OBJC_ISA_USAGE = YES_ERROR;
				CLANG_WARN_DOCUMENTATION_COMMENTS = YES;
				CLANG_WARN_EMPTY_BODY = YES;
				CLANG_WARN_ENUM_CONVERSION = YES;
				CLANG_WARN_INFINITE_RECURSION = YES;
				CLANG_WARN_INT_CONVERSION = YES;
				CLANG_WARN_NON_LITERAL_NULL_CONVERSION = YES;
				CLANG_WARN_OBJC_IMPLICIT_RETAIN_SELF = YES;
				CLANG_WARN_OBJC_LITERAL_CONVERSION = YES;
				CLANG_WARN_OBJC_ROOT_CLASS = YES_ERROR;
				CLANG_WARN_RANGE_LOOP_ANALYSIS = YES;
				CLANG_WARN_STRICT_PROTOTYPES = YES;
				CLANG_WARN_SUSPICIOUS_MOVE = YES;
				CLANG_WARN_UNGUARDED_AVAILABILITY = YES_AGGRESSIVE;
				CLANG_WARN_UNREACHABLE_CODE = YES;
				CLANG_WARN__DUPLICATE_METHOD_MATCH = YES;
				CODE_SIGN_IDENTITY = "iPhone Developer";
				COPY_PHASE_STRIP = NO;
				DEBUG_INFORMATION_FORMAT = dwarf;
				ENABLE_STRICT_OBJC_MSGSEND = YES;
				ENABLE_TESTABILITY = YES;
				GCC_C_LANGUAGE_STANDARD = gnu11;
				GCC_DYNAMIC_NO_PIC = NO;
				GCC_NO_COMMON_BLOCKS = YES;
				GCC_OPTIMIZATION_LEVEL = 0;
				GCC_PREPROCESSOR_DEFINITIONS = (
					"DEBUG=1",
					"$(inherited)",
				);
				GCC_WARN_64_TO_32_BIT_CONVERSION = YES;
				GCC_WARN_ABOUT_RETURN_TYPE = YES_ERROR;
				GCC_WARN_UNDECLARED_SELECTOR = YES;
				GCC_WARN_UNINITIALIZED_AUTOS = YES_AGGRESSIVE;
				GCC_WARN_UNUSED_FUNCTION = YES;
				GCC_WARN_UNUSED_VARIABLE = YES;
				IPHONEOS_DEPLOYMENT_TARGET = 11.3;
				MTL_ENABLE_DEBUG_INFO = YES;
				ONLY_ACTIVE_ARCH = YES;
				SDKROOT = iphoneos;
				SWIFT_ACTIVE_COMPILATION_CONDITIONS = DEBUG;
				SWIFT_OPTIMIZATION_LEVEL = "-Onone";
			};
			name = Debug;
		};
		9B9181FD20B18FEB0081452D /* Release */ = {
			isa = XCBuildConfiguration;
			buildSettings = {
				ALWAYS_SEARCH_USER_PATHS = NO;
				CLANG_ANALYZER_NONNULL = YES;
				CLANG_ANALYZER_NUMBER_OBJECT_CONVERSION = YES_AGGRESSIVE;
				CLANG_CXX_LANGUAGE_STANDARD = "gnu++14";
				CLANG_CXX_LIBRARY = "libc++";
				CLANG_ENABLE_MODULES = YES;
				CLANG_ENABLE_OBJC_ARC = YES;
				CLANG_ENABLE_OBJC_WEAK = YES;
				CLANG_WARN_BLOCK_CAPTURE_AUTORELEASING = YES;
				CLANG_WARN_BOOL_CONVERSION = YES;
				CLANG_WARN_COMMA = YES;
				CLANG_WARN_CONSTANT_CONVERSION = YES;
				CLANG_WARN_DEPRECATED_OBJC_IMPLEMENTATIONS = YES;
				CLANG_WARN_DIRECT_OBJC_ISA_USAGE = YES_ERROR;
				CLANG_WARN_DOCUMENTATION_COMMENTS = YES;
				CLANG_WARN_EMPTY_BODY = YES;
				CLANG_WARN_ENUM_CONVERSION = YES;
				CLANG_WARN_INFINITE_RECURSION = YES;
				CLANG_WARN_INT_CONVERSION = YES;
				CLANG_WARN_NON_LITERAL_NULL_CONVERSION = YES;
				CLANG_WARN_OBJC_IMPLICIT_RETAIN_SELF = YES;
				CLANG_WARN_OBJC_LITERAL_CONVERSION = YES;
				CLANG_WARN_OBJC_ROOT_CLASS = YES_ERROR;
				CLANG_WARN_RANGE_LOOP_ANALYSIS = YES;
				CLANG_WARN_STRICT_PROTOTYPES = YES;
				CLANG_WARN_SUSPICIOUS_MOVE = YES;
				CLANG_WARN_UNGUARDED_AVAILABILITY = YES_AGGRESSIVE;
				CLANG_WARN_UNREACHABLE_CODE = YES;
				CLANG_WARN__DUPLICATE_METHOD_MATCH = YES;
				CODE_SIGN_IDENTITY = "iPhone Developer";
				COPY_PHASE_STRIP = NO;
				DEBUG_INFORMATION_FORMAT = "dwarf-with-dsym";
				ENABLE_NS_ASSERTIONS = NO;
				ENABLE_STRICT_OBJC_MSGSEND = YES;
				GCC_C_LANGUAGE_STANDARD = gnu11;
				GCC_NO_COMMON_BLOCKS = YES;
				GCC_WARN_64_TO_32_BIT_CONVERSION = YES;
				GCC_WARN_ABOUT_RETURN_TYPE = YES_ERROR;
				GCC_WARN_UNDECLARED_SELECTOR = YES;
				GCC_WARN_UNINITIALIZED_AUTOS = YES_AGGRESSIVE;
				GCC_WARN_UNUSED_FUNCTION = YES;
				GCC_WARN_UNUSED_VARIABLE = YES;
				IPHONEOS_DEPLOYMENT_TARGET = 11.3;
				MTL_ENABLE_DEBUG_INFO = NO;
				SDKROOT = iphoneos;
				SWIFT_COMPILATION_MODE = wholemodule;
				SWIFT_OPTIMIZATION_LEVEL = "-O";
				VALIDATE_PRODUCT = YES;
			};
			name = Release;
		};
		9B9181FF20B18FEB0081452D /* Debug */ = {
			isa = XCBuildConfiguration;
			buildSettings = {
				ASSETCATALOG_COMPILER_APPICON_NAME = AppIcon;
				CODE_SIGN_STYLE = Automatic;
				INFOPLIST_FILE = CleanApp/Info.plist;
				LD_RUNPATH_SEARCH_PATHS = (
					"$(inherited)",
					"@executable_path/Frameworks",
				);
				PRODUCT_BUNDLE_IDENTIFIER = me.bruns.CleanApp;
				PRODUCT_NAME = "$(TARGET_NAME)";
				SWIFT_VERSION = 4.0;
				TARGETED_DEVICE_FAMILY = "1,2";
			};
			name = Debug;
		};
		9B91820020B18FEB0081452D /* Release */ = {
			isa = XCBuildConfiguration;
			buildSettings = {
				ASSETCATALOG_COMPILER_APPICON_NAME = AppIcon;
				CODE_SIGN_STYLE = Automatic;
				INFOPLIST_FILE = CleanApp/Info.plist;
				LD_RUNPATH_SEARCH_PATHS = (
					"$(inherited)",
					"@executable_path/Frameworks",
				);
				PRODUCT_BUNDLE_IDENTIFIER = me.bruns.CleanApp;
				PRODUCT_NAME = "$(TARGET_NAME)";
				SWIFT_VERSION = 4.0;
				TARGETED_DEVICE_FAMILY = "1,2";
			};
			name = Release;
		};
		9B91820220B18FEB0081452D /* Debug */ = {
			isa = XCBuildConfiguration;
			buildSettings = {
				ALWAYS_EMBED_SWIFT_STANDARD_LIBRARIES = YES;
				BUNDLE_LOADER = "$(TEST_HOST)";
				CODE_SIGN_STYLE = Automatic;
				INFOPLIST_FILE = CleanAppTests/Info.plist;
				LD_RUNPATH_SEARCH_PATHS = (
					"$(inherited)",
					"@executable_path/Frameworks",
					"@loader_path/Frameworks",
				);
				PRODUCT_BUNDLE_IDENTIFIER = me.bruns.CleanAppTests;
				PRODUCT_NAME = "$(TARGET_NAME)";
				SWIFT_VERSION = 4.0;
				TARGETED_DEVICE_FAMILY = "1,2";
				TEST_HOST = "$(BUILT_PRODUCTS_DIR)/CleanApp.app/CleanApp";
			};
			name = Debug;
		};
		9B91820320B18FEB0081452D /* Release */ = {
			isa = XCBuildConfiguration;
			buildSettings = {
				ALWAYS_EMBED_SWIFT_STANDARD_LIBRARIES = YES;
				BUNDLE_LOADER = "$(TEST_HOST)";
				CODE_SIGN_STYLE = Automatic;
				INFOPLIST_FILE = CleanAppTests/Info.plist;
				LD_RUNPATH_SEARCH_PATHS = (
					"$(inherited)",
					"@executable_path/Frameworks",
					"@loader_path/Frameworks",
				);
				PRODUCT_BUNDLE_IDENTIFIER = me.bruns.CleanAppTests;
				PRODUCT_NAME = "$(TARGET_NAME)";
				SWIFT_VERSION = 4.0;
				TARGETED_DEVICE_FAMILY = "1,2";
				TEST_HOST = "$(BUILT_PRODUCTS_DIR)/CleanApp.app/CleanApp";
			};
			name = Release;
		};
		9B91820520B18FEB0081452D /* Debug */ = {
			isa = XCBuildConfiguration;
			buildSettings = {
				ALWAYS_EMBED_SWIFT_STANDARD_LIBRARIES = YES;
				CODE_SIGN_STYLE = Automatic;
				INFOPLIST_FILE = CleanAppUITests/Info.plist;
				LD_RUNPATH_SEARCH_PATHS = (
					"$(inherited)",
					"@executable_path/Frameworks",
					"@loader_path/Frameworks",
				);
				PRODUCT_BUNDLE_IDENTIFIER = me.bruns.CleanAppUITests;
				PRODUCT_NAME = "$(TARGET_NAME)";
				SWIFT_VERSION = 4.0;
				TARGETED_DEVICE_FAMILY = "1,2";
				TEST_TARGET_NAME = CleanApp;
			};
			name = Debug;
		};
		9B91820620B18FEB0081452D /* Release */ = {
			isa = XCBuildConfiguration;
			buildSettings = {
				ALWAYS_EMBED_SWIFT_STANDARD_LIBRARIES = YES;
				CODE_SIGN_STYLE = Automatic;
				INFOPLIST_FILE = CleanAppUITests/Info.plist;
				LD_RUNPATH_SEARCH_PATHS = (
					"$(inherited)",
					"@executable_path/Frameworks",
					"@loader_path/Frameworks",
				);
				PRODUCT_BUNDLE_IDENTIFIER = me.bruns.CleanAppUITests;
				PRODUCT_NAME = "$(TARGET_NAME)";
				SWIFT_VERSION = 4.0;
				TARGETED_DEVICE_FAMILY = "1,2";
				TEST_TARGET_NAME = CleanApp;
			};
			name = Release;
		};
/* End XCBuildConfiguration section */

/* Begin XCConfigurationList section */
		9B9181D120B18FE80081452D /* Build configuration list for PBXProject "CleanApp" */ = {
			isa = XCConfigurationList;
			buildConfigurations = (
				9B9181FC20B18FEB0081452D /* Debug */,
				9B9181FD20B18FEB0081452D /* Release */,
			);
			defaultConfigurationIsVisible = 0;
			defaultConfigurationName = Release;
		};
		9B9181FE20B18FEB0081452D /* Build configuration list for PBXNativeTarget "CleanApp" */ = {
			isa = XCConfigurationList;
			buildConfigurations = (
				9B9181FF20B18FEB0081452D /* Debug */,
				9B91820020B18FEB0081452D /* Release */,
			);
			defaultConfigurationIsVisible = 0;
			defaultConfigurationName = Release;
		};
		9B91820120B18FEB0081452D /* Build configuration list for PBXNativeTarget "CleanAppTests" */ = {
			isa = XCConfigurationList;
			buildConfigurations = (
				9B91820220B18FEB0081452D /* Debug */,
				9B91820320B18FEB0081452D /* Release */,
			);
			defaultConfigurationIsVisible = 0;
			defaultConfigurationName = Release;
		};
		9B91820420B18FEB0081452D /* Build configuration list for PBXNativeTarget "CleanAppUITests" */ = {
			isa = XCConfigurationList;
			buildConfigurations = (
				9B91820520B18FEB0081452D /* Debug */,
				9B91820620B18FEB0081452D /* Release */,
			);
			defaultConfigurationIsVisible = 0;
			defaultConfigurationName = Release;
		};
/* End XCConfigurationList section */
	};
	rootObject = 9B9181CE20B18FE80081452D /* Project object */;
}
