// !$*UTF8*$!
{
	archiveVersion = 1;
	classes = {
	};
	objectVersion = 50;
	objects = {

/* Begin PBXBuildFile section */
		9B0B8219227B372100F1D601 /* Scratchpad.swift in Sources */ = {isa = PBXBuildFile; fileRef = 9BE5EEFA225BAD5800BABF19 /* Scratchpad.swift */; };
		9B87F9A322511B2B00440B63 /* main.swift in Sources */ = {isa = PBXBuildFile; fileRef = 9B87F9A222511B2B00440B63 /* main.swift */; };
		9BD3F0F9225737AD00A6DEC4 /* StateGroup.swift in Sources */ = {isa = PBXBuildFile; fileRef = 9BD3F0F8225737AD00A6DEC4 /* StateGroup.swift */; };
		9BD3F0FB22573DFB00A6DEC4 /* Legacy.swift in Sources */ = {isa = PBXBuildFile; fileRef = 9BD3F0FA22573DFB00A6DEC4 /* Legacy.swift */; };
		9BE5EEF02259E73D00BABF19 /* DataSheetTests.swift in Sources */ = {isa = PBXBuildFile; fileRef = 9BE5EEEF2259E73D00BABF19 /* DataSheetTests.swift */; };
		9BE5EEF52259ECD300BABF19 /* StateGroup.swift in Sources */ = {isa = PBXBuildFile; fileRef = 9BD3F0F8225737AD00A6DEC4 /* StateGroup.swift */; };
/* End PBXBuildFile section */

/* Begin PBXCopyFilesBuildPhase section */
		9B87F99D22511B2B00440B63 /* CopyFiles */ = {
			isa = PBXCopyFilesBuildPhase;
			buildActionMask = 2147483647;
			dstPath = /usr/share/man/man1/;
			dstSubfolderSpec = 0;
			files = (
			);
			runOnlyForDeploymentPostprocessing = 1;
		};
/* End PBXCopyFilesBuildPhase section */

/* Begin PBXFileReference section */
		9B87F99F22511B2B00440B63 /* DataSheet */ = {isa = PBXFileReference; explicitFileType = "compiled.mach-o.executable"; includeInIndex = 0; path = DataSheet; sourceTree = BUILT_PRODUCTS_DIR; };
		9B87F9A222511B2B00440B63 /* main.swift */ = {isa = PBXFileReference; lastKnownFileType = sourcecode.swift; path = main.swift; sourceTree = "<group>"; };
		9BD3F0F8225737AD00A6DEC4 /* StateGroup.swift */ = {isa = PBXFileReference; lastKnownFileType = sourcecode.swift; path = StateGroup.swift; sourceTree = "<group>"; };
		9BD3F0FA22573DFB00A6DEC4 /* Legacy.swift */ = {isa = PBXFileReference; lastKnownFileType = sourcecode.swift; path = Legacy.swift; sourceTree = "<group>"; };
		9BE5EEED2259E73C00BABF19 /* DataSheetTests.xctest */ = {isa = PBXFileReference; explicitFileType = wrapper.cfbundle; includeInIndex = 0; path = DataSheetTests.xctest; sourceTree = BUILT_PRODUCTS_DIR; };
		9BE5EEEF2259E73D00BABF19 /* DataSheetTests.swift */ = {isa = PBXFileReference; lastKnownFileType = sourcecode.swift; path = DataSheetTests.swift; sourceTree = "<group>"; };
		9BE5EEF12259E73D00BABF19 /* Info.plist */ = {isa = PBXFileReference; lastKnownFileType = text.plist.xml; path = Info.plist; sourceTree = "<group>"; };
		9BE5EEFA225BAD5800BABF19 /* Scratchpad.swift */ = {isa = PBXFileReference; lastKnownFileType = sourcecode.swift; path = Scratchpad.swift; sourceTree = "<group>"; };
/* End PBXFileReference section */

/* Begin PBXFrameworksBuildPhase section */
		9B87F99C22511B2B00440B63 /* Frameworks */ = {
			isa = PBXFrameworksBuildPhase;
			buildActionMask = 2147483647;
			files = (
			);
			runOnlyForDeploymentPostprocessing = 0;
		};
		9BE5EEEA2259E73C00BABF19 /* Frameworks */ = {
			isa = PBXFrameworksBuildPhase;
			buildActionMask = 2147483647;
			files = (
			);
			runOnlyForDeploymentPostprocessing = 0;
		};
/* End PBXFrameworksBuildPhase section */

/* Begin PBXGroup section */
		9B87F99622511B2B00440B63 = {
			isa = PBXGroup;
			children = (
				9B87F9A122511B2B00440B63 /* DataSheet */,
				9BE5EEEE2259E73D00BABF19 /* DataSheetTests */,
				9B87F9A022511B2B00440B63 /* Products */,
			);
			sourceTree = "<group>";
		};
		9B87F9A022511B2B00440B63 /* Products */ = {
			isa = PBXGroup;
			children = (
				9B87F99F22511B2B00440B63 /* DataSheet */,
				9BE5EEED2259E73C00BABF19 /* DataSheetTests.xctest */,
			);
			name = Products;
			sourceTree = "<group>";
		};
		9B87F9A122511B2B00440B63 /* DataSheet */ = {
			isa = PBXGroup;
			children = (
				9B87F9A222511B2B00440B63 /* main.swift */,
				9BD3F0F8225737AD00A6DEC4 /* StateGroup.swift */,
				9BD3F0FA22573DFB00A6DEC4 /* Legacy.swift */,
				9BE5EEFA225BAD5800BABF19 /* Scratchpad.swift */,
			);
			path = DataSheet;
			sourceTree = "<group>";
		};
		9BE5EEEE2259E73D00BABF19 /* DataSheetTests */ = {
			isa = PBXGroup;
			children = (
				9BE5EEEF2259E73D00BABF19 /* DataSheetTests.swift */,
				9BE5EEF12259E73D00BABF19 /* Info.plist */,
			);
			path = DataSheetTests;
			sourceTree = "<group>";
		};
/* End PBXGroup section */

/* Begin PBXNativeTarget section */
		9B87F99E22511B2B00440B63 /* DataSheet */ = {
			isa = PBXNativeTarget;
			buildConfigurationList = 9B87F9A622511B2B00440B63 /* Build configuration list for PBXNativeTarget "DataSheet" */;
			buildPhases = (
				9B87F99B22511B2B00440B63 /* Sources */,
				9B87F99C22511B2B00440B63 /* Frameworks */,
				9B87F99D22511B2B00440B63 /* CopyFiles */,
			);
			buildRules = (
			);
			dependencies = (
			);
			name = DataSheet;
			productName = DataSheet;
			productReference = 9B87F99F22511B2B00440B63 /* DataSheet */;
			productType = "com.apple.product-type.tool";
		};
		9BE5EEEC2259E73C00BABF19 /* DataSheetTests */ = {
			isa = PBXNativeTarget;
			buildConfigurationList = 9BE5EEF42259E73D00BABF19 /* Build configuration list for PBXNativeTarget "DataSheetTests" */;
			buildPhases = (
				9BE5EEE92259E73C00BABF19 /* Sources */,
				9BE5EEEA2259E73C00BABF19 /* Frameworks */,
				9BE5EEEB2259E73C00BABF19 /* Resources */,
			);
			buildRules = (
			);
			dependencies = (
			);
			name = DataSheetTests;
			productName = DataSheetTests;
			productReference = 9BE5EEED2259E73C00BABF19 /* DataSheetTests.xctest */;
			productType = "com.apple.product-type.bundle.unit-test";
		};
/* End PBXNativeTarget section */

/* Begin PBXProject section */
		9B87F99722511B2B00440B63 /* Project object */ = {
			isa = PBXProject;
			attributes = {
				LastSwiftUpdateCheck = 1020;
				LastUpgradeCheck = 1010;
				ORGANIZATIONNAME = bruns.me;
				TargetAttributes = {
					9B87F99E22511B2B00440B63 = {
						CreatedOnToolsVersion = 10.1;
						LastSwiftMigration = 1140;
					};
					9BE5EEEC2259E73C00BABF19 = {
						CreatedOnToolsVersion = 10.2;
					};
				};
			};
			buildConfigurationList = 9B87F99A22511B2B00440B63 /* Build configuration list for PBXProject "DataSheet" */;
			compatibilityVersion = "Xcode 9.3";
			developmentRegion = en;
			hasScannedForEncodings = 0;
			knownRegions = (
				en,
			);
			mainGroup = 9B87F99622511B2B00440B63;
			productRefGroup = 9B87F9A022511B2B00440B63 /* Products */;
			projectDirPath = "";
			projectRoot = "";
			targets = (
				9B87F99E22511B2B00440B63 /* DataSheet */,
				9BE5EEEC2259E73C00BABF19 /* DataSheetTests */,
			);
		};
/* End PBXProject section */

/* Begin PBXResourcesBuildPhase section */
		9BE5EEEB2259E73C00BABF19 /* Resources */ = {
			isa = PBXResourcesBuildPhase;
			buildActionMask = 2147483647;
			files = (
			);
			runOnlyForDeploymentPostprocessing = 0;
		};
/* End PBXResourcesBuildPhase section */

/* Begin PBXSourcesBuildPhase section */
		9B87F99B22511B2B00440B63 /* Sources */ = {
			isa = PBXSourcesBuildPhase;
			buildActionMask = 2147483647;
			files = (
				9B0B8219227B372100F1D601 /* Scratchpad.swift in Sources */,
				9B87F9A322511B2B00440B63 /* main.swift in Sources */,
				9BD3F0F9225737AD00A6DEC4 /* StateGroup.swift in Sources */,
				9BD3F0FB22573DFB00A6DEC4 /* Legacy.swift in Sources */,
			);
			runOnlyForDeploymentPostprocessing = 0;
		};
		9BE5EEE92259E73C00BABF19 /* Sources */ = {
			isa = PBXSourcesBuildPhase;
			buildActionMask = 2147483647;
			files = (
				9BE5EEF02259E73D00BABF19 /* DataSheetTests.swift in Sources */,
				9BE5EEF52259ECD300BABF19 /* StateGroup.swift in Sources */,
			);
			runOnlyForDeploymentPostprocessing = 0;
		};
/* End PBXSourcesBuildPhase section */

/* Begin XCBuildConfiguration section */
		9B87F9A422511B2B00440B63 /* Debug */ = {
			isa = XCBuildConfiguration;
			buildSettings = {
				ALWAYS_SEARCH_USER_PATHS = NO;
				CLANG_ANALYZER_NONNULL = YES;
				CLANG_ANALYZER_NUMBER_OBJECT_CONVERSION = YES_AGGRESSIVE;
				CLANG_CXX_LANGUAGE_STANDARD = "gnu++14";
				CLANG_CXX_LIBRARY = "libc++";
				CLANG_ENABLE_MODULES = YES;
				CLANG_ENABLE_OBJC_ARC = YES;
				CLANG_ENABLE_OBJC_WEAK = YES;
				CLANG_WARN_BLOCK_CAPTURE_AUTORELEASING = YES;
				CLANG_WARN_BOOL_CONVERSION = YES;
				CLANG_WARN_COMMA = YES;
				CLANG_WARN_CONSTANT_CONVERSION = YES;
				CLANG_WARN_DEPRECATED_OBJC_IMPLEMENTATIONS = YES;
				CLANG_WARN_DIRECT_OBJC_ISA_USAGE = YES_ERROR;
				CLANG_WARN_DOCUMENTATION_COMMENTS = YES;
				CLANG_WARN_EMPTY_BODY = YES;
				CLANG_WARN_ENUM_CONVERSION = YES;
				CLANG_WARN_INFINITE_RECURSION = YES;
				CLANG_WARN_INT_CONVERSION = YES;
				CLANG_WARN_NON_LITERAL_NULL_CONVERSION = YES;
				CLANG_WARN_OBJC_IMPLICIT_RETAIN_SELF = YES;
				CLANG_WARN_OBJC_LITERAL_CONVERSION = YES;
				CLANG_WARN_OBJC_ROOT_CLASS = YES_ERROR;
				CLANG_WARN_RANGE_LOOP_ANALYSIS = YES;
				CLANG_WARN_STRICT_PROTOTYPES = YES;
				CLANG_WARN_SUSPICIOUS_MOVE = YES;
				CLANG_WARN_UNGUARDED_AVAILABILITY = YES_AGGRESSIVE;
				CLANG_WARN_UNREACHABLE_CODE = YES;
				CLANG_WARN__DUPLICATE_METHOD_MATCH = YES;
				CODE_SIGN_IDENTITY = "Mac Developer";
				COPY_PHASE_STRIP = NO;
				DEBUG_INFORMATION_FORMAT = dwarf;
				ENABLE_STRICT_OBJC_MSGSEND = YES;
				ENABLE_TESTABILITY = YES;
				GCC_C_LANGUAGE_STANDARD = gnu11;
				GCC_DYNAMIC_NO_PIC = NO;
				GCC_NO_COMMON_BLOCKS = YES;
				GCC_OPTIMIZATION_LEVEL = 0;
				GCC_PREPROCESSOR_DEFINITIONS = (
					"DEBUG=1",
					"$(inherited)",
				);
				GCC_WARN_64_TO_32_BIT_CONVERSION = YES;
				GCC_WARN_ABOUT_RETURN_TYPE = YES_ERROR;
				GCC_WARN_UNDECLARED_SELECTOR = YES;
				GCC_WARN_UNINITIALIZED_AUTOS = YES_AGGRESSIVE;
				GCC_WARN_UNUSED_FUNCTION = YES;
				GCC_WARN_UNUSED_VARIABLE = YES;
				MACOSX_DEPLOYMENT_TARGET = 10.15;
				MTL_ENABLE_DEBUG_INFO = INCLUDE_SOURCE;
				MTL_FAST_MATH = YES;
				ONLY_ACTIVE_ARCH = YES;
				SDKROOT = macosx;
				SWIFT_ACTIVE_COMPILATION_CONDITIONS = DEBUG;
				SWIFT_OPTIMIZATION_LEVEL = "-Onone";
			};
			name = Debug;
		};
		9B87F9A522511B2B00440B63 /* Release */ = {
			isa = XCBuildConfiguration;
			buildSettings = {
				ALWAYS_SEARCH_USER_PATHS = NO;
				CLANG_ANALYZER_NONNULL = YES;
				CLANG_ANALYZER_NUMBER_OBJECT_CONVERSION = YES_AGGRESSIVE;
				CLANG_CXX_LANGUAGE_STANDARD = "gnu++14";
				CLANG_CXX_LIBRARY = "libc++";
				CLANG_ENABLE_MODULES = YES;
				CLANG_ENABLE_OBJC_ARC = YES;
				CLANG_ENABLE_OBJC_WEAK = YES;
				CLANG_WARN_BLOCK_CAPTURE_AUTORELEASING = YES;
				CLANG_WARN_BOOL_CONVERSION = YES;
				CLANG_WARN_COMMA = YES;
				CLANG_WARN_CONSTANT_CONVERSION = YES;
				CLANG_WARN_DEPRECATED_OBJC_IMPLEMENTATIONS = YES;
				CLANG_WARN_DIRECT_OBJC_ISA_USAGE = YES_ERROR;
				CLANG_WARN_DOCUMENTATION_COMMENTS = YES;
				CLANG_WARN_EMPTY_BODY = YES;
				CLANG_WARN_ENUM_CONVERSION = YES;
				CLANG_WARN_INFINITE_RECURSION = YES;
				CLANG_WARN_INT_CONVERSION = YES;
				CLANG_WARN_NON_LITERAL_NULL_CONVERSION = YES;
				CLANG_WARN_OBJC_IMPLICIT_RETAIN_SELF = YES;
				CLANG_WARN_OBJC_LITERAL_CONVERSION = YES;
				CLANG_WARN_OBJC_ROOT_CLASS = YES_ERROR;
				CLANG_WARN_RANGE_LOOP_ANALYSIS = YES;
				CLANG_WARN_STRICT_PROTOTYPES = YES;
				CLANG_WARN_SUSPICIOUS_MOVE = YES;
				CLANG_WARN_UNGUARDED_AVAILABILITY = YES_AGGRESSIVE;
				CLANG_WARN_UNREACHABLE_CODE = YES;
				CLANG_WARN__DUPLICATE_METHOD_MATCH = YES;
				CODE_SIGN_IDENTITY = "Mac Developer";
				COPY_PHASE_STRIP = NO;
				DEBUG_INFORMATION_FORMAT = "dwarf-with-dsym";
				ENABLE_NS_ASSERTIONS = NO;
				ENABLE_STRICT_OBJC_MSGSEND = YES;
				GCC_C_LANGUAGE_STANDARD = gnu11;
				GCC_NO_COMMON_BLOCKS = YES;
				GCC_WARN_64_TO_32_BIT_CONVERSION = YES;
				GCC_WARN_ABOUT_RETURN_TYPE = YES_ERROR;
				GCC_WARN_UNDECLARED_SELECTOR = YES;
				GCC_WARN_UNINITIALIZED_AUTOS = YES_AGGRESSIVE;
				GCC_WARN_UNUSED_FUNCTION = YES;
				GCC_WARN_UNUSED_VARIABLE = YES;
				MACOSX_DEPLOYMENT_TARGET = 10.15;
				MTL_ENABLE_DEBUG_INFO = NO;
				MTL_FAST_MATH = YES;
				SDKROOT = macosx;
				SWIFT_COMPILATION_MODE = wholemodule;
				SWIFT_OPTIMIZATION_LEVEL = "-O";
			};
			name = Release;
		};
		9B87F9A722511B2B00440B63 /* Debug */ = {
			isa = XCBuildConfiguration;
			buildSettings = {
				CODE_SIGN_STYLE = Automatic;
				DEVELOPMENT_TEAM = MVV99M56UM;
				MACOSX_DEPLOYMENT_TARGET = 10.15;
				PRODUCT_NAME = "$(TARGET_NAME)";
				SWIFT_VERSION = 5.0;
			};
			name = Debug;
		};
		9B87F9A822511B2B00440B63 /* Release */ = {
			isa = XCBuildConfiguration;
			buildSettings = {
				CODE_SIGN_STYLE = Automatic;
				DEVELOPMENT_TEAM = MVV99M56UM;
				MACOSX_DEPLOYMENT_TARGET = 10.15;
				PRODUCT_NAME = "$(TARGET_NAME)";
				SWIFT_VERSION = 5.0;
			};
			name = Release;
		};
		9BE5EEF22259E73D00BABF19 /* Debug */ = {
			isa = XCBuildConfiguration;
			buildSettings = {
				CODE_SIGN_STYLE = Automatic;
				COMBINE_HIDPI_IMAGES = YES;
				DEVELOPMENT_TEAM = MVV99M56UM;
				INFOPLIST_FILE = DataSheetTests/Info.plist;
				LD_RUNPATH_SEARCH_PATHS = (
					"$(inherited)",
					"@executable_path/../Frameworks",
					"@loader_path/../Frameworks",
				);
				PRODUCT_BUNDLE_IDENTIFIER = me.bruns.DataSheetTests;
				PRODUCT_NAME = "$(TARGET_NAME)";
				SWIFT_VERSION = 5.0;
			};
			name = Debug;
		};
		9BE5EEF32259E73D00BABF19 /* Release */ = {
			isa = XCBuildConfiguration;
			buildSettings = {
				CODE_SIGN_STYLE = Automatic;
				COMBINE_HIDPI_IMAGES = YES;
				DEVELOPMENT_TEAM = MVV99M56UM;
				INFOPLIST_FILE = DataSheetTests/Info.plist;
				LD_RUNPATH_SEARCH_PATHS = (
					"$(inherited)",
					"@executable_path/../Frameworks",
					"@loader_path/../Frameworks",
				);
				PRODUCT_BUNDLE_IDENTIFIER = me.bruns.DataSheetTests;
				PRODUCT_NAME = "$(TARGET_NAME)";
				SWIFT_VERSION = 5.0;
			};
			name = Release;
		};
/* End XCBuildConfiguration section */

/* Begin XCConfigurationList section */
		9B87F99A22511B2B00440B63 /* Build configuration list for PBXProject "DataSheet" */ = {
			isa = XCConfigurationList;
			buildConfigurations = (
				9B87F9A422511B2B00440B63 /* Debug */,
				9B87F9A522511B2B00440B63 /* Release */,
			);
			defaultConfigurationIsVisible = 0;
			defaultConfigurationName = Release;
		};
		9B87F9A622511B2B00440B63 /* Build configuration list for PBXNativeTarget "DataSheet" */ = {
			isa = XCConfigurationList;
			buildConfigurations = (
				9B87F9A722511B2B00440B63 /* Debug */,
				9B87F9A822511B2B00440B63 /* Release */,
			);
			defaultConfigurationIsVisible = 0;
			defaultConfigurationName = Release;
		};
		9BE5EEF42259E73D00BABF19 /* Build configuration list for PBXNativeTarget "DataSheetTests" */ = {
			isa = XCConfigurationList;
			buildConfigurations = (
				9BE5EEF22259E73D00BABF19 /* Debug */,
				9BE5EEF32259E73D00BABF19 /* Release */,
			);
			defaultConfigurationIsVisible = 0;
			defaultConfigurationName = Release;
		};
/* End XCConfigurationList section */
	};
	rootObject = 9B87F99722511B2B00440B63 /* Project object */;
}
