// !$*UTF8*$!
{
	archiveVersion = 1;
	classes = {
	};
	objectVersion = 50;
	objects = {

/* Begin PBXBuildFile section */
		9B8608C320DFE58E00649D5C /* main.swift in Sources */ = {isa = PBXBuildFile; fileRef = 9B8608C220DFE58E00649D5C /* main.swift */; };
		9B8608CC20DFECD300649D5C /* FileTransferServiceProtocol.swift in Sources */ = {isa = PBXBuildFile; fileRef = 9B8608CB20DFECD300649D5C /* FileTransferServiceProtocol.swift */; };
		9B8608D020E00BD600649D5C /* FileTransferService.swift in Sources */ = {isa = PBXBuildFile; fileRef = 9B8608CD20E00BD600649D5C /* FileTransferService.swift */; };
		9B8608D220E00BD600649D5C /* CompanyService.swift in Sources */ = {isa = PBXBuildFile; fileRef = 9B8608CF20E00BD600649D5C /* CompanyService.swift */; };
		9B8608D420E00FF400649D5C /* TrackingService.swift in Sources */ = {isa = PBXBuildFile; fileRef = 9B8608D320E00FF400649D5C /* TrackingService.swift */; };
/* End PBXBuildFile section */

/* Begin PBXCopyFilesBuildPhase section */
		9B8608BD20DFE58E00649D5C /* CopyFiles */ = {
			isa = PBXCopyFilesBuildPhase;
			buildActionMask = 2147483647;
			dstPath = /usr/share/man/man1/;
			dstSubfolderSpec = 0;
			files = (
			);
			runOnlyForDeploymentPostprocessing = 1;
		};
/* End PBXCopyFilesBuildPhase section */

/* Begin PBXFileReference section */
		9B8608BF20DFE58E00649D5C /* SourceryPlayground */ = {isa = PBXFileReference; explicitFileType = "compiled.mach-o.executable"; includeInIndex = 0; path = SourceryPlayground; sourceTree = BUILT_PRODUCTS_DIR; };
		9B8608C220DFE58E00649D5C /* main.swift */ = {isa = PBXFileReference; lastKnownFileType = sourcecode.swift; path = main.swift; sourceTree = "<group>"; };
		9B8608CB20DFECD300649D5C /* FileTransferServiceProtocol.swift */ = {isa = PBXFileReference; fileEncoding = 4; lastKnownFileType = sourcecode.swift; path = FileTransferServiceProtocol.swift; sourceTree = "<group>"; };
		9B8608CD20E00BD600649D5C /* FileTransferService.swift */ = {isa = PBXFileReference; fileEncoding = 4; lastKnownFileType = sourcecode.swift; path = FileTransferService.swift; sourceTree = "<group>"; };
		9B8608CF20E00BD600649D5C /* CompanyService.swift */ = {isa = PBXFileReference; fileEncoding = 4; lastKnownFileType = sourcecode.swift; path = CompanyService.swift; sourceTree = "<group>"; };
		9B8608D320E00FF400649D5C /* TrackingService.swift */ = {isa = PBXFileReference; fileEncoding = 4; lastKnownFileType = sourcecode.swift; path = TrackingService.swift; sourceTree = "<group>"; };
/* End PBXFileReference section */

/* Begin PBXFrameworksBuildPhase section */
		9B8608BC20DFE58E00649D5C /* Frameworks */ = {
			isa = PBXFrameworksBuildPhase;
			buildActionMask = 2147483647;
			files = (
			);
			runOnlyForDeploymentPostprocessing = 0;
		};
/* End PBXFrameworksBuildPhase section */

/* Begin PBXGroup section */
		9B8608B620DFE58E00649D5C = {
			isa = PBXGroup;
			children = (
				9B8608C120DFE58E00649D5C /* SourceryPlayground */,
				9B8608C020DFE58E00649D5C /* Products */,
			);
			indentWidth = 4;
			sourceTree = "<group>";
			tabWidth = 4;
		};
		9B8608C020DFE58E00649D5C /* Products */ = {
			isa = PBXGroup;
			children = (
				9B8608BF20DFE58E00649D5C /* SourceryPlayground */,
			);
			name = Products;
			sourceTree = "<group>";
		};
		9B8608C120DFE58E00649D5C /* SourceryPlayground */ = {
			isa = PBXGroup;
			children = (
				9B8608C220DFE58E00649D5C /* main.swift */,
				9B8608D320E00FF400649D5C /* TrackingService.swift */,
				9B8608CF20E00BD600649D5C /* CompanyService.swift */,
				9B8608CD20E00BD600649D5C /* FileTransferService.swift */,
				9B8608CB20DFECD300649D5C /* FileTransferServiceProtocol.swift */,
			);
			path = SourceryPlayground;
			sourceTree = "<group>";
		};
/* End PBXGroup section */

/* Begin PBXNativeTarget section */
		9B8608BE20DFE58E00649D5C /* SourceryPlayground */ = {
			isa = PBXNativeTarget;
			buildConfigurationList = 9B8608C620DFE58E00649D5C /* Build configuration list for PBXNativeTarget "SourceryPlayground" */;
			buildPhases = (
				9B8608BB20DFE58E00649D5C /* Sources */,
				9B8608BC20DFE58E00649D5C /* Frameworks */,
				9B8608BD20DFE58E00649D5C /* CopyFiles */,
			);
			buildRules = (
			);
			dependencies = (
			);
			name = SourceryPlayground;
			productName = SourceryPlayground;
			productReference = 9B8608BF20DFE58E00649D5C /* SourceryPlayground */;
			productType = "com.apple.product-type.tool";
		};
/* End PBXNativeTarget section */

/* Begin PBXProject section */
		9B8608B720DFE58E00649D5C /* Project object */ = {
			isa = PBXProject;
			attributes = {
				LastSwiftUpdateCheck = 0940;
				LastUpgradeCheck = 0940;
				ORGANIZATIONNAME = "Karsten Bruns";
				TargetAttributes = {
					9B8608BE20DFE58E00649D5C = {
						CreatedOnToolsVersion = 9.4;
					};
				};
			};
			buildConfigurationList = 9B8608BA20DFE58E00649D5C /* Build configuration list for PBXProject "SourceryPlayground" */;
			compatibilityVersion = "Xcode 9.3";
			developmentRegion = en;
			hasScannedForEncodings = 0;
			knownRegions = (
				en,
			);
			mainGroup = 9B8608B620DFE58E00649D5C;
			productRefGroup = 9B8608C020DFE58E00649D5C /* Products */;
			projectDirPath = "";
			projectRoot = "";
			targets = (
				9B8608BE20DFE58E00649D5C /* SourceryPlayground */,
			);
		};
/* End PBXProject section */

/* Begin PBXSourcesBuildPhase section */
		9B8608BB20DFE58E00649D5C /* Sources */ = {
			isa = PBXSourcesBuildPhase;
			buildActionMask = 2147483647;
			files = (
				9B8608CC20DFECD300649D5C /* FileTransferServiceProtocol.swift in Sources */,
				9B8608D220E00BD600649D5C /* CompanyService.swift in Sources */,
				9B8608D020E00BD600649D5C /* FileTransferService.swift in Sources */,
				9B8608D420E00FF400649D5C /* TrackingService.swift in Sources */,
				9B8608C320DFE58E00649D5C /* main.swift in Sources */,
			);
			runOnlyForDeploymentPostprocessing = 0;
		};
/* End PBXSourcesBuildPhase section */

/* Begin XCBuildConfiguration section */
		9B8608C420DFE58E00649D5C /* Debug */ = {
			isa = XCBuildConfiguration;
			buildSettings = {
				ALWAYS_SEARCH_USER_PATHS = NO;
				CLANG_ANALYZER_NONNULL = YES;
				CLANG_ANALYZER_NUMBER_OBJECT_CONVERSION = YES_AGGRESSIVE;
				CLANG_CXX_LANGUAGE_STANDARD = "gnu++14";
				CLANG_CXX_LIBRARY = "libc++";
				CLANG_ENABLE_MODULES = YES;
				CLANG_ENABLE_OBJC_ARC = YES;
				CLANG_ENABLE_OBJC_WEAK = YES;
				CLANG_WARN_BLOCK_CAPTURE_AUTORELEASING = YES;
				CLANG_WARN_BOOL_CONVERSION = YES;
				CLANG_WARN_COMMA = YES;
				CLANG_WARN_CONSTANT_CONVERSION = YES;
				CLANG_WARN_DEPRECATED_OBJC_IMPLEMENTATIONS = YES;
				CLANG_WARN_DIRECT_OBJC_ISA_USAGE = YES_ERROR;
				CLANG_WARN_DOCUMENTATION_COMMENTS = YES;
				CLANG_WARN_EMPTY_BODY = YES;
				CLANG_WARN_ENUM_CONVERSION = YES;
				CLANG_WARN_INFINITE_RECURSION = YES;
				CLANG_WARN_INT_CONVERSION = YES;
				CLANG_WARN_NON_LITERAL_NULL_CONVERSION = YES;
				CLANG_WARN_OBJC_IMPLICIT_RETAIN_SELF = YES;
				CLANG_WARN_OBJC_LITERAL_CONVERSION = YES;
				CLANG_WARN_OBJC_ROOT_CLASS = YES_ERROR;
				CLANG_WARN_RANGE_LOOP_ANALYSIS = YES;
				CLANG_WARN_STRICT_PROTOTYPES = YES;
				CLANG_WARN_SUSPICIOUS_MOVE = YES;
				CLANG_WARN_UNGUARDED_AVAILABILITY = YES_AGGRESSIVE;
				CLANG_WARN_UNREACHABLE_CODE = YES;
				CLANG_WARN__DUPLICATE_METHOD_MATCH = YES;
				CODE_SIGN_IDENTITY = "-";
				COPY_PHASE_STRIP = NO;
				DEBUG_INFORMATION_FORMAT = dwarf;
				ENABLE_STRICT_OBJC_MSGSEND = YES;
				ENABLE_TESTABILITY = YES;
				GCC_C_LANGUAGE_STANDARD = gnu11;
				GCC_DYNAMIC_NO_PIC = NO;
				GCC_NO_COMMON_BLOCKS = YES;
				GCC_OPTIMIZATION_LEVEL = 0;
				GCC_PREPROCESSOR_DEFINITIONS = (
					"DEBUG=1",
					"$(inherited)",
				);
				GCC_WARN_64_TO_32_BIT_CONVERSION = YES;
				GCC_WARN_ABOUT_RETURN_TYPE = YES_ERROR;
				GCC_WARN_UNDECLARED_SELECTOR = YES;
				GCC_WARN_UNINITIALIZED_AUTOS = YES_AGGRESSIVE;
				GCC_WARN_UNUSED_FUNCTION = YES;
				GCC_WARN_UNUSED_VARIABLE = YES;
				MACOSX_DEPLOYMENT_TARGET = 10.13;
				MTL_ENABLE_DEBUG_INFO = YES;
				ONLY_ACTIVE_ARCH = YES;
				SDKROOT = macosx;
				SWIFT_ACTIVE_COMPILATION_CONDITIONS = DEBUG;
				SWIFT_OPTIMIZATION_LEVEL = "-Onone";
			};
			name = Debug;
		};
		9B8608C520DFE58E00649D5C /* Release */ = {
			isa = XCBuildConfiguration;
			buildSettings = {
				ALWAYS_SEARCH_USER_PATHS = NO;
				CLANG_ANALYZER_NONNULL = YES;
				CLANG_ANALYZER_NUMBER_OBJECT_CONVERSION = YES_AGGRESSIVE;
				CLANG_CXX_LANGUAGE_STANDARD = "gnu++14";
				CLANG_CXX_LIBRARY = "libc++";
				CLANG_ENABLE_MODULES = YES;
				CLANG_ENABLE_OBJC_ARC = YES;
				CLANG_ENABLE_OBJC_WEAK = YES;
				CLANG_WARN_BLOCK_CAPTURE_AUTORELEASING = YES;
				CLANG_WARN_BOOL_CONVERSION = YES;
				CLANG_WARN_COMMA = YES;
				CLANG_WARN_CONSTANT_CONVERSION = YES;
				CLANG_WARN_DEPRECATED_OBJC_IMPLEMENTATIONS = YES;
				CLANG_WARN_DIRECT_OBJC_ISA_USAGE = YES_ERROR;
				CLANG_WARN_DOCUMENTATION_COMMENTS = YES;
				CLANG_WARN_EMPTY_BODY = YES;
				CLANG_WARN_ENUM_CONVERSION = YES;
				CLANG_WARN_INFINITE_RECURSION = YES;
				CLANG_WARN_INT_CONVERSION = YES;
				CLANG_WARN_NON_LITERAL_NULL_CONVERSION = YES;
				CLANG_WARN_OBJC_IMPLICIT_RETAIN_SELF = YES;
				CLANG_WARN_OBJC_LITERAL_CONVERSION = YES;
				CLANG_WARN_OBJC_ROOT_CLASS = YES_ERROR;
				CLANG_WARN_RANGE_LOOP_ANALYSIS = YES;
				CLANG_WARN_STRICT_PROTOTYPES = YES;
				CLANG_WARN_SUSPICIOUS_MOVE = YES;
				CLANG_WARN_UNGUARDED_AVAILABILITY = YES_AGGRESSIVE;
				CLANG_WARN_UNREACHABLE_CODE = YES;
				CLANG_WARN__DUPLICATE_METHOD_MATCH = YES;
				CODE_SIGN_IDENTITY = "-";
				COPY_PHASE_STRIP = NO;
				DEBUG_INFORMATION_FORMAT = "dwarf-with-dsym";
				ENABLE_NS_ASSERTIONS = NO;
				ENABLE_STRICT_OBJC_MSGSEND = YES;
				GCC_C_LANGUAGE_STANDARD = gnu11;
				GCC_NO_COMMON_BLOCKS = YES;
				GCC_WARN_64_TO_32_BIT_CONVERSION = YES;
				GCC_WARN_ABOUT_RETURN_TYPE = YES_ERROR;
				GCC_WARN_UNDECLARED_SELECTOR = YES;
				GCC_WARN_UNINITIALIZED_AUTOS = YES_AGGRESSIVE;
				GCC_WARN_UNUSED_FUNCTION = YES;
				GCC_WARN_UNUSED_VARIABLE = YES;
				MACOSX_DEPLOYMENT_TARGET = 10.13;
				MTL_ENABLE_DEBUG_INFO = NO;
				SDKROOT = macosx;
				SWIFT_COMPILATION_MODE = wholemodule;
				SWIFT_OPTIMIZATION_LEVEL = "-O";
			};
			name = Release;
		};
		9B8608C720DFE58E00649D5C /* Debug */ = {
			isa = XCBuildConfiguration;
			buildSettings = {
				CODE_SIGN_STYLE = Automatic;
				PRODUCT_NAME = "$(TARGET_NAME)";
				SWIFT_VERSION = 4.0;
			};
			name = Debug;
		};
		9B8608C820DFE58E00649D5C /* Release */ = {
			isa = XCBuildConfiguration;
			buildSettings = {
				CODE_SIGN_STYLE = Automatic;
				PRODUCT_NAME = "$(TARGET_NAME)";
				SWIFT_VERSION = 4.0;
			};
			name = Release;
		};
/* End XCBuildConfiguration section */

/* Begin XCConfigurationList section */
		9B8608BA20DFE58E00649D5C /* Build configuration list for PBXProject "SourceryPlayground" */ = {
			isa = XCConfigurationList;
			buildConfigurations = (
				9B8608C420DFE58E00649D5C /* Debug */,
				9B8608C520DFE58E00649D5C /* Release */,
			);
			defaultConfigurationIsVisible = 0;
			defaultConfigurationName = Release;
		};
		9B8608C620DFE58E00649D5C /* Build configuration list for PBXNativeTarget "SourceryPlayground" */ = {
			isa = XCConfigurationList;
			buildConfigurations = (
				9B8608C720DFE58E00649D5C /* Debug */,
				9B8608C820DFE58E00649D5C /* Release */,
			);
			defaultConfigurationIsVisible = 0;
			defaultConfigurationName = Release;
		};
/* End XCConfigurationList section */
	};
	rootObject = 9B8608B720DFE58E00649D5C /* Project object */;
}
